
Microsoft Visual Studio Solution File, Format Version 12.00
# Visual Studio Version 16
VisualStudioVersion = 16.0.31729.503
MinimumVisualStudioVersion = 10.0.40219.1
Project("{FAE04EC0-301F-11D3-BF4B-00C04F79EFBC}") = "AdventOfCode", "AdventOfCode\AdventOfCode.csproj", "{D2EBDFB2-A125-4A3E-A716-B64A6ECDC0EB}"
EndProject
Global
	GlobalSection(SolutionConfigurationPlatforms) = preSolution
		Debug|Any CPU = Debug|Any CPU
		Release|Any CPU = Release|Any CPU
	EndGlobalSection
	GlobalSection(ProjectConfigurationPlatforms) = postSolution
		{D2EBDFB2-A125-4A3E-A716-B64A6ECDC0EB}.Debug|Any CPU.ActiveCfg = Debug|Any CPU
		{D2EBDFB2-A125-4A3E-A716-B64A6ECDC0EB}.Debug|Any CPU.Build.0 = Debug|Any CPU
		{D2EBDFB2-A125-4A3E-A716-B64A6ECDC0EB}.Release|Any CPU.ActiveCfg = Release|Any CPU
		{D2EBDFB2-A125-4A3E-A716-B64A6ECDC0EB}.Release|Any CPU.Build.0 = Release|Any CPU
	EndGlobalSection
	GlobalSection(SolutionProperties) = preSolution
		HideSolutionNode = FALSE
	EndGlobalSection
	GlobalSection(ExtensibilityGlobals) = postSolution
		SolutionGuid = {8C921C86-68A5-4D81-8A6D-16D582625AEF}
	EndGlobalSection
EndGlobal
